
Microsoft Visual Studio Solution File, Format Version 12.00
# Visual Studio Version 16
VisualStudioVersion = 16.0.30011.22
MinimumVisualStudioVersion = 10.0.40219.1
Project("{FAE04EC0-301F-11D3-BF4B-00C04F79EFBC}") = "OOP_Concept", "OOP_Concept\OOP_Concept.csproj", "{F889BA49-36AA-4929-9B75-60F0C58709D0}"
EndProject
Global
	GlobalSection(SolutionConfigurationPlatforms) = preSolution
		Debug|Any CPU = Debug|Any CPU
		Release|Any CPU = Release|Any CPU
	EndGlobalSection
	GlobalSection(ProjectConfigurationPlatforms) = postSolution
		{F889BA49-36AA-4929-9B75-60F0C58709D0}.Debug|Any CPU.ActiveCfg = Debug|Any CPU
		{F889BA49-36AA-4929-9B75-60F0C58709D0}.Debug|Any CPU.Build.0 = Debug|Any CPU
		{F889BA49-36AA-4929-9B75-60F0C58709D0}.Release|Any CPU.ActiveCfg = Release|Any CPU
		{F889BA49-36AA-4929-9B75-60F0C58709D0}.Release|Any CPU.Build.0 = Release|Any CPU
	EndGlobalSection
	GlobalSection(SolutionProperties) = preSolution
		HideSolutionNode = FALSE
	EndGlobalSection
	GlobalSection(ExtensibilityGlobals) = postSolution
		SolutionGuid = {5BE98D90-51D9-46A2-B9FF-23C6088562F1}
	EndGlobalSection
EndGlobal
