
Microsoft Visual Studio Solution File, Format Version 12.00
# Visual Studio Version 16
VisualStudioVersion = 16.0.31129.286
MinimumVisualStudioVersion = 10.0.40219.1
Project("{FAE04EC0-301F-11D3-BF4B-00C04F79EFBC}") = "ConsoleApp28", "ConsoleApp28.csproj", "{F06CAD11-BA38-4C43-99EC-3AF4A9BEC8E5}"
EndProject
Global
	GlobalSection(SolutionConfigurationPlatforms) = preSolution
		Debug|Any CPU = Debug|Any CPU
		Release|Any CPU = Release|Any CPU
	EndGlobalSection
	GlobalSection(ProjectConfigurationPlatforms) = postSolution
		{F06CAD11-BA38-4C43-99EC-3AF4A9BEC8E5}.Debug|Any CPU.ActiveCfg = Debug|Any CPU
		{F06CAD11-BA38-4C43-99EC-3AF4A9BEC8E5}.Debug|Any CPU.Build.0 = Debug|Any CPU
		{F06CAD11-BA38-4C43-99EC-3AF4A9BEC8E5}.Release|Any CPU.ActiveCfg = Release|Any CPU
		{F06CAD11-BA38-4C43-99EC-3AF4A9BEC8E5}.Release|Any CPU.Build.0 = Release|Any CPU
	EndGlobalSection
	GlobalSection(SolutionProperties) = preSolution
		HideSolutionNode = FALSE
	EndGlobalSection
	GlobalSection(ExtensibilityGlobals) = postSolution
		SolutionGuid = {B8B00413-0738-471D-B5A6-A76B1CB1DC26}
	EndGlobalSection
EndGlobal
