
Microsoft Visual Studio Solution File, Format Version 12.00
# Visual Studio Version 16
VisualStudioVersion = 16.0.31129.286
MinimumVisualStudioVersion = 10.0.40219.1
Project("{FAE04EC0-301F-11D3-BF4B-00C04F79EFBC}") = "BlazorApp.Server", "Server\BlazorApp.Server.csproj", "{33B30952-1943-4568-9651-B63122D918FE}"
EndProject
Project("{FAE04EC0-301F-11D3-BF4B-00C04F79EFBC}") = "BlazorApp.Client", "Client\BlazorApp.Client.csproj", "{AA46EE5F-C5D5-48DE-B28C-B475446E0F0E}"
EndProject
Project("{FAE04EC0-301F-11D3-BF4B-00C04F79EFBC}") = "BlazorApp.Shared", "Shared\BlazorApp.Shared.csproj", "{9976FCA0-A390-42D2-A9CF-360A10060987}"
EndProject
Global
	GlobalSection(SolutionConfigurationPlatforms) = preSolution
		Debug|Any CPU = Debug|Any CPU
		Release|Any CPU = Release|Any CPU
	EndGlobalSection
	GlobalSection(ProjectConfigurationPlatforms) = postSolution
		{33B30952-1943-4568-9651-B63122D918FE}.Debug|Any CPU.ActiveCfg = Debug|Any CPU
		{33B30952-1943-4568-9651-B63122D918FE}.Debug|Any CPU.Build.0 = Debug|Any CPU
		{33B30952-1943-4568-9651-B63122D918FE}.Release|Any CPU.ActiveCfg = Release|Any CPU
		{33B30952-1943-4568-9651-B63122D918FE}.Release|Any CPU.Build.0 = Release|Any CPU
		{AA46EE5F-C5D5-48DE-B28C-B475446E0F0E}.Debug|Any CPU.ActiveCfg = Debug|Any CPU
		{AA46EE5F-C5D5-48DE-B28C-B475446E0F0E}.Debug|Any CPU.Build.0 = Debug|Any CPU
		{AA46EE5F-C5D5-48DE-B28C-B475446E0F0E}.Release|Any CPU.ActiveCfg = Release|Any CPU
		{AA46EE5F-C5D5-48DE-B28C-B475446E0F0E}.Release|Any CPU.Build.0 = Release|Any CPU
		{9976FCA0-A390-42D2-A9CF-360A10060987}.Debug|Any CPU.ActiveCfg = Debug|Any CPU
		{9976FCA0-A390-42D2-A9CF-360A10060987}.Debug|Any CPU.Build.0 = Debug|Any CPU
		{9976FCA0-A390-42D2-A9CF-360A10060987}.Release|Any CPU.ActiveCfg = Release|Any CPU
		{9976FCA0-A390-42D2-A9CF-360A10060987}.Release|Any CPU.Build.0 = Release|Any CPU
	EndGlobalSection
	GlobalSection(SolutionProperties) = preSolution
		HideSolutionNode = FALSE
	EndGlobalSection
	GlobalSection(ExtensibilityGlobals) = postSolution
		SolutionGuid = {D83E0CFB-DC0B-4BA1-B674-6A60C7571561}
	EndGlobalSection
EndGlobal
