
Microsoft Visual Studio Solution File, Format Version 12.00
# Visual Studio Version 16
VisualStudioVersion = 16.0.31129.286
MinimumVisualStudioVersion = 10.0.40219.1
Project("{FAE04EC0-301F-11D3-BF4B-00C04F79EFBC}") = "strings2", "strings2.csproj", "{18C708D5-0781-4724-AB13-CFCC624B30BF}"
EndProject
Global
	GlobalSection(SolutionConfigurationPlatforms) = preSolution
		Debug|Any CPU = Debug|Any CPU
		Release|Any CPU = Release|Any CPU
	EndGlobalSection
	GlobalSection(ProjectConfigurationPlatforms) = postSolution
		{18C708D5-0781-4724-AB13-CFCC624B30BF}.Debug|Any CPU.ActiveCfg = Debug|Any CPU
		{18C708D5-0781-4724-AB13-CFCC624B30BF}.Debug|Any CPU.Build.0 = Debug|Any CPU
		{18C708D5-0781-4724-AB13-CFCC624B30BF}.Release|Any CPU.ActiveCfg = Release|Any CPU
		{18C708D5-0781-4724-AB13-CFCC624B30BF}.Release|Any CPU.Build.0 = Release|Any CPU
	EndGlobalSection
	GlobalSection(SolutionProperties) = preSolution
		HideSolutionNode = FALSE
	EndGlobalSection
	GlobalSection(ExtensibilityGlobals) = postSolution
		SolutionGuid = {87C28E76-77C8-4E18-9AA3-8ACA5995D5A3}
	EndGlobalSection
EndGlobal
