
Microsoft Visual Studio Solution File, Format Version 12.00
# Visual Studio Version 16
VisualStudioVersion = 16.0.31129.286
MinimumVisualStudioVersion = 10.0.40219.1
Project("{FAE04EC0-301F-11D3-BF4B-00C04F79EFBC}") = "Codeforces", "Codeforces.csproj", "{C5F61E74-DFBE-47BA-8397-09C84AB4D74D}"
EndProject
Global
	GlobalSection(SolutionConfigurationPlatforms) = preSolution
		Debug|Any CPU = Debug|Any CPU
		Release|Any CPU = Release|Any CPU
	EndGlobalSection
	GlobalSection(ProjectConfigurationPlatforms) = postSolution
		{C5F61E74-DFBE-47BA-8397-09C84AB4D74D}.Debug|Any CPU.ActiveCfg = Debug|Any CPU
		{C5F61E74-DFBE-47BA-8397-09C84AB4D74D}.Debug|Any CPU.Build.0 = Debug|Any CPU
		{C5F61E74-DFBE-47BA-8397-09C84AB4D74D}.Release|Any CPU.ActiveCfg = Release|Any CPU
		{C5F61E74-DFBE-47BA-8397-09C84AB4D74D}.Release|Any CPU.Build.0 = Release|Any CPU
	EndGlobalSection
	GlobalSection(SolutionProperties) = preSolution
		HideSolutionNode = FALSE
	EndGlobalSection
	GlobalSection(ExtensibilityGlobals) = postSolution
		SolutionGuid = {D307207B-34BA-41B1-BD3E-07B8AC3F609A}
	EndGlobalSection
EndGlobal
