
Microsoft Visual Studio Solution File, Format Version 12.00
# Visual Studio Version 16
VisualStudioVersion = 16.0.31129.286
MinimumVisualStudioVersion = 10.0.40219.1
Project("{FAE04EC0-301F-11D3-BF4B-00C04F79EFBC}") = "StackAndQueue", "StackAndQueue.csproj", "{448596CE-3E44-4581-AB12-BE8A105679B6}"
EndProject
Global
	GlobalSection(SolutionConfigurationPlatforms) = preSolution
		Debug|Any CPU = Debug|Any CPU
		Release|Any CPU = Release|Any CPU
	EndGlobalSection
	GlobalSection(ProjectConfigurationPlatforms) = postSolution
		{448596CE-3E44-4581-AB12-BE8A105679B6}.Debug|Any CPU.ActiveCfg = Debug|Any CPU
		{448596CE-3E44-4581-AB12-BE8A105679B6}.Debug|Any CPU.Build.0 = Debug|Any CPU
		{448596CE-3E44-4581-AB12-BE8A105679B6}.Release|Any CPU.ActiveCfg = Release|Any CPU
		{448596CE-3E44-4581-AB12-BE8A105679B6}.Release|Any CPU.Build.0 = Release|Any CPU
	EndGlobalSection
	GlobalSection(SolutionProperties) = preSolution
		HideSolutionNode = FALSE
	EndGlobalSection
	GlobalSection(ExtensibilityGlobals) = postSolution
		SolutionGuid = {CB027426-9CB2-4750-9605-EC3AE9400316}
	EndGlobalSection
EndGlobal
