
Microsoft Visual Studio Solution File, Format Version 12.00
# Visual Studio Version 16
VisualStudioVersion = 16.0.31129.286
MinimumVisualStudioVersion = 10.0.40219.1
Project("{FAE04EC0-301F-11D3-BF4B-00C04F79EFBC}") = "PrefixSum3", "PrefixSum3.csproj", "{A43236BC-EE24-43CA-9FBE-AFFEAFDCD83E}"
EndProject
Global
	GlobalSection(SolutionConfigurationPlatforms) = preSolution
		Debug|Any CPU = Debug|Any CPU
		Release|Any CPU = Release|Any CPU
	EndGlobalSection
	GlobalSection(ProjectConfigurationPlatforms) = postSolution
		{A43236BC-EE24-43CA-9FBE-AFFEAFDCD83E}.Debug|Any CPU.ActiveCfg = Debug|Any CPU
		{A43236BC-EE24-43CA-9FBE-AFFEAFDCD83E}.Debug|Any CPU.Build.0 = Debug|Any CPU
		{A43236BC-EE24-43CA-9FBE-AFFEAFDCD83E}.Release|Any CPU.ActiveCfg = Release|Any CPU
		{A43236BC-EE24-43CA-9FBE-AFFEAFDCD83E}.Release|Any CPU.Build.0 = Release|Any CPU
	EndGlobalSection
	GlobalSection(SolutionProperties) = preSolution
		HideSolutionNode = FALSE
	EndGlobalSection
	GlobalSection(ExtensibilityGlobals) = postSolution
		SolutionGuid = {DDBD9F7D-A561-4BF4-90A1-73F5A7850D53}
	EndGlobalSection
EndGlobal
