
Microsoft Visual Studio Solution File, Format Version 12.00
# Visual Studio Version 16
VisualStudioVersion = 16.0.31129.286
MinimumVisualStudioVersion = 10.0.40219.1
Project("{FAE04EC0-301F-11D3-BF4B-00C04F79EFBC}") = "ArrayInterviewProblems", "ArrayInterviewProblems.csproj", "{38F01A9E-02F9-4E01-8AD3-5744435CD88D}"
EndProject
Global
	GlobalSection(SolutionConfigurationPlatforms) = preSolution
		Debug|Any CPU = Debug|Any CPU
		Release|Any CPU = Release|Any CPU
	EndGlobalSection
	GlobalSection(ProjectConfigurationPlatforms) = postSolution
		{38F01A9E-02F9-4E01-8AD3-5744435CD88D}.Debug|Any CPU.ActiveCfg = Debug|Any CPU
		{38F01A9E-02F9-4E01-8AD3-5744435CD88D}.Debug|Any CPU.Build.0 = Debug|Any CPU
		{38F01A9E-02F9-4E01-8AD3-5744435CD88D}.Release|Any CPU.ActiveCfg = Release|Any CPU
		{38F01A9E-02F9-4E01-8AD3-5744435CD88D}.Release|Any CPU.Build.0 = Release|Any CPU
	EndGlobalSection
	GlobalSection(SolutionProperties) = preSolution
		HideSolutionNode = FALSE
	EndGlobalSection
	GlobalSection(ExtensibilityGlobals) = postSolution
		SolutionGuid = {0382697C-F30C-4FD2-95B1-32308BA9F3B7}
	EndGlobalSection
EndGlobal
