
Microsoft Visual Studio Solution File, Format Version 12.00
# Visual Studio Version 16
VisualStudioVersion = 16.0.31129.286
MinimumVisualStudioVersion = 10.0.40219.1
Project("{FAE04EC0-301F-11D3-BF4B-00C04F79EFBC}") = "ConsoleApp8", "ConsoleApp8.csproj", "{0E12AE99-0DBC-4683-B268-67B0B7E65B52}"
EndProject
Global
	GlobalSection(SolutionConfigurationPlatforms) = preSolution
		Debug|Any CPU = Debug|Any CPU
		Release|Any CPU = Release|Any CPU
	EndGlobalSection
	GlobalSection(ProjectConfigurationPlatforms) = postSolution
		{0E12AE99-0DBC-4683-B268-67B0B7E65B52}.Debug|Any CPU.ActiveCfg = Debug|Any CPU
		{0E12AE99-0DBC-4683-B268-67B0B7E65B52}.Debug|Any CPU.Build.0 = Debug|Any CPU
		{0E12AE99-0DBC-4683-B268-67B0B7E65B52}.Release|Any CPU.ActiveCfg = Release|Any CPU
		{0E12AE99-0DBC-4683-B268-67B0B7E65B52}.Release|Any CPU.Build.0 = Release|Any CPU
	EndGlobalSection
	GlobalSection(SolutionProperties) = preSolution
		HideSolutionNode = FALSE
	EndGlobalSection
	GlobalSection(ExtensibilityGlobals) = postSolution
		SolutionGuid = {313518E8-4B55-4AE0-B68B-52DCB58D16E9}
	EndGlobalSection
EndGlobal
