
Microsoft Visual Studio Solution File, Format Version 12.00
# Visual Studio Version 16
VisualStudioVersion = 16.0.31129.286
MinimumVisualStudioVersion = 10.0.40219.1
Project("{FAE04EC0-301F-11D3-BF4B-00C04F79EFBC}") = "HashMap1", "HashMap1.csproj", "{EC734FE0-13F6-42C6-8472-B5F1CF49209E}"
EndProject
Global
	GlobalSection(SolutionConfigurationPlatforms) = preSolution
		Debug|Any CPU = Debug|Any CPU
		Release|Any CPU = Release|Any CPU
	EndGlobalSection
	GlobalSection(ProjectConfigurationPlatforms) = postSolution
		{EC734FE0-13F6-42C6-8472-B5F1CF49209E}.Debug|Any CPU.ActiveCfg = Debug|Any CPU
		{EC734FE0-13F6-42C6-8472-B5F1CF49209E}.Debug|Any CPU.Build.0 = Debug|Any CPU
		{EC734FE0-13F6-42C6-8472-B5F1CF49209E}.Release|Any CPU.ActiveCfg = Release|Any CPU
		{EC734FE0-13F6-42C6-8472-B5F1CF49209E}.Release|Any CPU.Build.0 = Release|Any CPU
	EndGlobalSection
	GlobalSection(SolutionProperties) = preSolution
		HideSolutionNode = FALSE
	EndGlobalSection
	GlobalSection(ExtensibilityGlobals) = postSolution
		SolutionGuid = {F6F833EE-81CB-4765-9154-D6DD16CBA7EB}
	EndGlobalSection
EndGlobal
