
Microsoft Visual Studio Solution File, Format Version 12.00
# Visual Studio Version 16
VisualStudioVersion = 16.0.31129.286
MinimumVisualStudioVersion = 10.0.40219.1
Project("{FAE04EC0-301F-11D3-BF4B-00C04F79EFBC}") = "ConsoleApp10", "ConsoleApp10.csproj", "{9CD00EF5-6748-456C-A1FC-7B2818806A22}"
EndProject
Global
	GlobalSection(SolutionConfigurationPlatforms) = preSolution
		Debug|Any CPU = Debug|Any CPU
		Release|Any CPU = Release|Any CPU
	EndGlobalSection
	GlobalSection(ProjectConfigurationPlatforms) = postSolution
		{9CD00EF5-6748-456C-A1FC-7B2818806A22}.Debug|Any CPU.ActiveCfg = Debug|Any CPU
		{9CD00EF5-6748-456C-A1FC-7B2818806A22}.Debug|Any CPU.Build.0 = Debug|Any CPU
		{9CD00EF5-6748-456C-A1FC-7B2818806A22}.Release|Any CPU.ActiveCfg = Release|Any CPU
		{9CD00EF5-6748-456C-A1FC-7B2818806A22}.Release|Any CPU.Build.0 = Release|Any CPU
	EndGlobalSection
	GlobalSection(SolutionProperties) = preSolution
		HideSolutionNode = FALSE
	EndGlobalSection
	GlobalSection(ExtensibilityGlobals) = postSolution
		SolutionGuid = {68165881-8A78-4F59-AFF3-07DA8FB03AFD}
	EndGlobalSection
EndGlobal
