
Microsoft Visual Studio Solution File, Format Version 12.00
# Visual Studio Version 16
VisualStudioVersion = 16.0.30011.22
MinimumVisualStudioVersion = 10.0.40219.1
Project("{FAE04EC0-301F-11D3-BF4B-00C04F79EFBC}") = "WebApplication3", "WebApplication3\WebApplication3.csproj", "{B3E00171-62CD-4CF1-B1C3-455574B36955}"
EndProject
Global
	GlobalSection(SolutionConfigurationPlatforms) = preSolution
		Debug|Any CPU = Debug|Any CPU
		Release|Any CPU = Release|Any CPU
	EndGlobalSection
	GlobalSection(ProjectConfigurationPlatforms) = postSolution
		{B3E00171-62CD-4CF1-B1C3-455574B36955}.Debug|Any CPU.ActiveCfg = Debug|Any CPU
		{B3E00171-62CD-4CF1-B1C3-455574B36955}.Debug|Any CPU.Build.0 = Debug|Any CPU
		{B3E00171-62CD-4CF1-B1C3-455574B36955}.Release|Any CPU.ActiveCfg = Release|Any CPU
		{B3E00171-62CD-4CF1-B1C3-455574B36955}.Release|Any CPU.Build.0 = Release|Any CPU
	EndGlobalSection
	GlobalSection(SolutionProperties) = preSolution
		HideSolutionNode = FALSE
	EndGlobalSection
	GlobalSection(ExtensibilityGlobals) = postSolution
		SolutionGuid = {89C945B2-AADE-4CD3-90BA-E4024B5BA7C1}
	EndGlobalSection
EndGlobal
