
Microsoft Visual Studio Solution File, Format Version 12.00
# Visual Studio Version 16
VisualStudioVersion = 16.0.30011.22
MinimumVisualStudioVersion = 10.0.40219.1
Project("{FAE04EC0-301F-11D3-BF4B-00C04F79EFBC}") = "CodeWars2", "CodeWars2.csproj", "{AD74503B-BADD-47A9-A1FF-06B0E87D6EBE}"
EndProject
Global
	GlobalSection(SolutionConfigurationPlatforms) = preSolution
		Debug|Any CPU = Debug|Any CPU
		Release|Any CPU = Release|Any CPU
	EndGlobalSection
	GlobalSection(ProjectConfigurationPlatforms) = postSolution
		{AD74503B-BADD-47A9-A1FF-06B0E87D6EBE}.Debug|Any CPU.ActiveCfg = Debug|Any CPU
		{AD74503B-BADD-47A9-A1FF-06B0E87D6EBE}.Debug|Any CPU.Build.0 = Debug|Any CPU
		{AD74503B-BADD-47A9-A1FF-06B0E87D6EBE}.Release|Any CPU.ActiveCfg = Release|Any CPU
		{AD74503B-BADD-47A9-A1FF-06B0E87D6EBE}.Release|Any CPU.Build.0 = Release|Any CPU
	EndGlobalSection
	GlobalSection(SolutionProperties) = preSolution
		HideSolutionNode = FALSE
	EndGlobalSection
	GlobalSection(ExtensibilityGlobals) = postSolution
		SolutionGuid = {C449204F-0385-4C8A-A433-D4FF7A677F0E}
	EndGlobalSection
EndGlobal
