
Microsoft Visual Studio Solution File, Format Version 12.00
# Visual Studio Version 16
VisualStudioVersion = 16.0.30011.22
MinimumVisualStudioVersion = 10.0.40219.1
Project("{FAE04EC0-301F-11D3-BF4B-00C04F79EFBC}") = "ChessBoardConsoleApp", "ChessBoardConsoleApp.csproj", "{CB1F2C0E-DCAE-4FAB-A33A-F6806D0FB66A}"
EndProject
Project("{FAE04EC0-301F-11D3-BF4B-00C04F79EFBC}") = "ChessBoardModel", "..\ChessBoardModel\ChessBoardModel.csproj", "{99AAE624-11BE-4A43-9B00-83ABD85E1970}"
EndProject
Global
	GlobalSection(SolutionConfigurationPlatforms) = preSolution
		Debug|Any CPU = Debug|Any CPU
		Release|Any CPU = Release|Any CPU
	EndGlobalSection
	GlobalSection(ProjectConfigurationPlatforms) = postSolution
		{CB1F2C0E-DCAE-4FAB-A33A-F6806D0FB66A}.Debug|Any CPU.ActiveCfg = Debug|Any CPU
		{CB1F2C0E-DCAE-4FAB-A33A-F6806D0FB66A}.Debug|Any CPU.Build.0 = Debug|Any CPU
		{CB1F2C0E-DCAE-4FAB-A33A-F6806D0FB66A}.Release|Any CPU.ActiveCfg = Release|Any CPU
		{CB1F2C0E-DCAE-4FAB-A33A-F6806D0FB66A}.Release|Any CPU.Build.0 = Release|Any CPU
		{99AAE624-11BE-4A43-9B00-83ABD85E1970}.Debug|Any CPU.ActiveCfg = Debug|Any CPU
		{99AAE624-11BE-4A43-9B00-83ABD85E1970}.Debug|Any CPU.Build.0 = Debug|Any CPU
		{99AAE624-11BE-4A43-9B00-83ABD85E1970}.Release|Any CPU.ActiveCfg = Release|Any CPU
		{99AAE624-11BE-4A43-9B00-83ABD85E1970}.Release|Any CPU.Build.0 = Release|Any CPU
	EndGlobalSection
	GlobalSection(SolutionProperties) = preSolution
		HideSolutionNode = FALSE
	EndGlobalSection
	GlobalSection(ExtensibilityGlobals) = postSolution
		SolutionGuid = {EC7B0488-317F-4B81-B94F-C1B1B24DBF25}
	EndGlobalSection
EndGlobal
