
Microsoft Visual Studio Solution File, Format Version 12.00
# Visual Studio Version 16
VisualStudioVersion = 16.0.30011.22
MinimumVisualStudioVersion = 10.0.40219.1
Project("{FAE04EC0-301F-11D3-BF4B-00C04F79EFBC}") = "SwaggerExample", "SwaggerExample.csproj", "{CA55332C-4AC3-4892-A773-00C8282A1ADA}"
EndProject
Global
	GlobalSection(SolutionConfigurationPlatforms) = preSolution
		Debug|Any CPU = Debug|Any CPU
		Release|Any CPU = Release|Any CPU
	EndGlobalSection
	GlobalSection(ProjectConfigurationPlatforms) = postSolution
		{CA55332C-4AC3-4892-A773-00C8282A1ADA}.Debug|Any CPU.ActiveCfg = Debug|Any CPU
		{CA55332C-4AC3-4892-A773-00C8282A1ADA}.Debug|Any CPU.Build.0 = Debug|Any CPU
		{CA55332C-4AC3-4892-A773-00C8282A1ADA}.Release|Any CPU.ActiveCfg = Release|Any CPU
		{CA55332C-4AC3-4892-A773-00C8282A1ADA}.Release|Any CPU.Build.0 = Release|Any CPU
	EndGlobalSection
	GlobalSection(SolutionProperties) = preSolution
		HideSolutionNode = FALSE
	EndGlobalSection
	GlobalSection(ExtensibilityGlobals) = postSolution
		SolutionGuid = {5C5C549C-5A4E-4505-AB60-78832733066D}
	EndGlobalSection
EndGlobal
