
Microsoft Visual Studio Solution File, Format Version 12.00
# Visual Studio Version 16
VisualStudioVersion = 16.0.31129.286
MinimumVisualStudioVersion = 10.0.40219.1
Project("{FAE04EC0-301F-11D3-BF4B-00C04F79EFBC}") = "ConsoleApp14", "ConsoleApp14.csproj", "{63D3611F-1903-4F86-9DD7-E5B0F5828897}"
EndProject
Global
	GlobalSection(SolutionConfigurationPlatforms) = preSolution
		Debug|Any CPU = Debug|Any CPU
		Release|Any CPU = Release|Any CPU
	EndGlobalSection
	GlobalSection(ProjectConfigurationPlatforms) = postSolution
		{63D3611F-1903-4F86-9DD7-E5B0F5828897}.Debug|Any CPU.ActiveCfg = Debug|Any CPU
		{63D3611F-1903-4F86-9DD7-E5B0F5828897}.Debug|Any CPU.Build.0 = Debug|Any CPU
		{63D3611F-1903-4F86-9DD7-E5B0F5828897}.Release|Any CPU.ActiveCfg = Release|Any CPU
		{63D3611F-1903-4F86-9DD7-E5B0F5828897}.Release|Any CPU.Build.0 = Release|Any CPU
	EndGlobalSection
	GlobalSection(SolutionProperties) = preSolution
		HideSolutionNode = FALSE
	EndGlobalSection
	GlobalSection(ExtensibilityGlobals) = postSolution
		SolutionGuid = {F832E67B-D019-4BFD-BBE6-DF6429CB555D}
	EndGlobalSection
EndGlobal
