
Microsoft Visual Studio Solution File, Format Version 12.00
# Visual Studio Version 16
VisualStudioVersion = 16.0.30011.22
MinimumVisualStudioVersion = 10.0.40219.1
Project("{FAE04EC0-301F-11D3-BF4B-00C04F79EFBC}") = "MvcTest", "MvcTest\MvcTest.csproj", "{CCB286CC-AA36-46AD-B46E-F0733CD17434}"
EndProject
Global
	GlobalSection(SolutionConfigurationPlatforms) = preSolution
		Debug|Any CPU = Debug|Any CPU
		Release|Any CPU = Release|Any CPU
	EndGlobalSection
	GlobalSection(ProjectConfigurationPlatforms) = postSolution
		{CCB286CC-AA36-46AD-B46E-F0733CD17434}.Debug|Any CPU.ActiveCfg = Debug|Any CPU
		{CCB286CC-AA36-46AD-B46E-F0733CD17434}.Debug|Any CPU.Build.0 = Debug|Any CPU
		{CCB286CC-AA36-46AD-B46E-F0733CD17434}.Release|Any CPU.ActiveCfg = Release|Any CPU
		{CCB286CC-AA36-46AD-B46E-F0733CD17434}.Release|Any CPU.Build.0 = Release|Any CPU
	EndGlobalSection
	GlobalSection(SolutionProperties) = preSolution
		HideSolutionNode = FALSE
	EndGlobalSection
	GlobalSection(ExtensibilityGlobals) = postSolution
		SolutionGuid = {DB49EF63-0376-42DD-B58F-D5FC579C247F}
	EndGlobalSection
EndGlobal
