
Microsoft Visual Studio Solution File, Format Version 12.00
# Visual Studio Version 16
VisualStudioVersion = 16.0.30011.22
MinimumVisualStudioVersion = 10.0.40219.1
Project("{FAE04EC0-301F-11D3-BF4B-00C04F79EFBC}") = "ConsoleApp6", "ConsoleApp6\ConsoleApp6.csproj", "{3CFB2F70-AA12-42FF-8A79-D98EF34DC49F}"
EndProject
Global
	GlobalSection(SolutionConfigurationPlatforms) = preSolution
		Debug|Any CPU = Debug|Any CPU
		Release|Any CPU = Release|Any CPU
	EndGlobalSection
	GlobalSection(ProjectConfigurationPlatforms) = postSolution
		{3CFB2F70-AA12-42FF-8A79-D98EF34DC49F}.Debug|Any CPU.ActiveCfg = Debug|Any CPU
		{3CFB2F70-AA12-42FF-8A79-D98EF34DC49F}.Debug|Any CPU.Build.0 = Debug|Any CPU
		{3CFB2F70-AA12-42FF-8A79-D98EF34DC49F}.Release|Any CPU.ActiveCfg = Release|Any CPU
		{3CFB2F70-AA12-42FF-8A79-D98EF34DC49F}.Release|Any CPU.Build.0 = Release|Any CPU
	EndGlobalSection
	GlobalSection(SolutionProperties) = preSolution
		HideSolutionNode = FALSE
	EndGlobalSection
	GlobalSection(ExtensibilityGlobals) = postSolution
		SolutionGuid = {228FD613-3D8B-471B-8A0E-B3F004F42176}
	EndGlobalSection
EndGlobal
