
Microsoft Visual Studio Solution File, Format Version 12.00
# Visual Studio Version 16
VisualStudioVersion = 16.0.29728.190
MinimumVisualStudioVersion = 10.0.40219.1
Project("{FAE04EC0-301F-11D3-BF4B-00C04F79EFBC}") = "CC_CASH", "CC_CASH\CC_CASH.csproj", "{8C82FB58-DFFE-439B-AF82-FD7C9BFCC257}"
EndProject
Global
	GlobalSection(SolutionConfigurationPlatforms) = preSolution
		Debug|Any CPU = Debug|Any CPU
		Release|Any CPU = Release|Any CPU
	EndGlobalSection
	GlobalSection(ProjectConfigurationPlatforms) = postSolution
		{8C82FB58-DFFE-439B-AF82-FD7C9BFCC257}.Debug|Any CPU.ActiveCfg = Debug|Any CPU
		{8C82FB58-DFFE-439B-AF82-FD7C9BFCC257}.Debug|Any CPU.Build.0 = Debug|Any CPU
		{8C82FB58-DFFE-439B-AF82-FD7C9BFCC257}.Release|Any CPU.ActiveCfg = Release|Any CPU
		{8C82FB58-DFFE-439B-AF82-FD7C9BFCC257}.Release|Any CPU.Build.0 = Release|Any CPU
	EndGlobalSection
	GlobalSection(SolutionProperties) = preSolution
		HideSolutionNode = FALSE
	EndGlobalSection
	GlobalSection(ExtensibilityGlobals) = postSolution
		SolutionGuid = {F14E0A2D-F6A4-4F50-A6FF-F723AD78F843}
	EndGlobalSection
EndGlobal
