
Microsoft Visual Studio Solution File, Format Version 12.00
# Visual Studio Version 16
VisualStudioVersion = 16.0.31129.286
MinimumVisualStudioVersion = 10.0.40219.1
Project("{FAE04EC0-301F-11D3-BF4B-00C04F79EFBC}") = "ConsoleApp38", "ConsoleApp38.csproj", "{ED333746-5072-40FF-B382-C320C24BD984}"
EndProject
Global
	GlobalSection(SolutionConfigurationPlatforms) = preSolution
		Debug|Any CPU = Debug|Any CPU
		Release|Any CPU = Release|Any CPU
	EndGlobalSection
	GlobalSection(ProjectConfigurationPlatforms) = postSolution
		{ED333746-5072-40FF-B382-C320C24BD984}.Debug|Any CPU.ActiveCfg = Debug|Any CPU
		{ED333746-5072-40FF-B382-C320C24BD984}.Debug|Any CPU.Build.0 = Debug|Any CPU
		{ED333746-5072-40FF-B382-C320C24BD984}.Release|Any CPU.ActiveCfg = Release|Any CPU
		{ED333746-5072-40FF-B382-C320C24BD984}.Release|Any CPU.Build.0 = Release|Any CPU
	EndGlobalSection
	GlobalSection(SolutionProperties) = preSolution
		HideSolutionNode = FALSE
	EndGlobalSection
	GlobalSection(ExtensibilityGlobals) = postSolution
		SolutionGuid = {5FFE9E9C-467F-4AE4-A548-7A75E7A66323}
	EndGlobalSection
EndGlobal
