
Microsoft Visual Studio Solution File, Format Version 12.00
# Visual Studio Version 16
VisualStudioVersion = 16.0.31129.286
MinimumVisualStudioVersion = 10.0.40219.1
Project("{FAE04EC0-301F-11D3-BF4B-00C04F79EFBC}") = "BitManipulation", "BitManipulation.csproj", "{F5F08AF2-6F39-474B-8826-9D1AEFBE25DA}"
EndProject
Global
	GlobalSection(SolutionConfigurationPlatforms) = preSolution
		Debug|Any CPU = Debug|Any CPU
		Release|Any CPU = Release|Any CPU
	EndGlobalSection
	GlobalSection(ProjectConfigurationPlatforms) = postSolution
		{F5F08AF2-6F39-474B-8826-9D1AEFBE25DA}.Debug|Any CPU.ActiveCfg = Debug|Any CPU
		{F5F08AF2-6F39-474B-8826-9D1AEFBE25DA}.Debug|Any CPU.Build.0 = Debug|Any CPU
		{F5F08AF2-6F39-474B-8826-9D1AEFBE25DA}.Release|Any CPU.ActiveCfg = Release|Any CPU
		{F5F08AF2-6F39-474B-8826-9D1AEFBE25DA}.Release|Any CPU.Build.0 = Release|Any CPU
	EndGlobalSection
	GlobalSection(SolutionProperties) = preSolution
		HideSolutionNode = FALSE
	EndGlobalSection
	GlobalSection(ExtensibilityGlobals) = postSolution
		SolutionGuid = {E9553237-59B7-4178-BE60-962000591191}
	EndGlobalSection
EndGlobal
