
Microsoft Visual Studio Solution File, Format Version 12.00
# Visual Studio Version 16
VisualStudioVersion = 16.0.29728.190
MinimumVisualStudioVersion = 10.0.40219.1
Project("{FAE04EC0-301F-11D3-BF4B-00C04F79EFBC}") = "LintTest", "LintTest\LintTest.csproj", "{FF36FCDB-76B1-43D8-8040-A6EB0540040D}"
EndProject
Global
	GlobalSection(SolutionConfigurationPlatforms) = preSolution
		Debug|Any CPU = Debug|Any CPU
		Release|Any CPU = Release|Any CPU
	EndGlobalSection
	GlobalSection(ProjectConfigurationPlatforms) = postSolution
		{FF36FCDB-76B1-43D8-8040-A6EB0540040D}.Debug|Any CPU.ActiveCfg = Debug|Any CPU
		{FF36FCDB-76B1-43D8-8040-A6EB0540040D}.Debug|Any CPU.Build.0 = Debug|Any CPU
		{FF36FCDB-76B1-43D8-8040-A6EB0540040D}.Release|Any CPU.ActiveCfg = Release|Any CPU
		{FF36FCDB-76B1-43D8-8040-A6EB0540040D}.Release|Any CPU.Build.0 = Release|Any CPU
	EndGlobalSection
	GlobalSection(SolutionProperties) = preSolution
		HideSolutionNode = FALSE
	EndGlobalSection
	GlobalSection(ExtensibilityGlobals) = postSolution
		SolutionGuid = {D4A45147-45D8-45D1-B7EF-9812C3B42BDC}
	EndGlobalSection
EndGlobal
