
Microsoft Visual Studio Solution File, Format Version 12.00
# Visual Studio Version 16
VisualStudioVersion = 16.0.30011.22
MinimumVisualStudioVersion = 10.0.40219.1
Project("{FAE04EC0-301F-11D3-BF4B-00C04F79EFBC}") = "Adonet", "Adonet\Adonet.csproj", "{ECCD5CF5-D44D-46C4-9D54-4848C9F695D8}"
EndProject
Global
	GlobalSection(SolutionConfigurationPlatforms) = preSolution
		Debug|Any CPU = Debug|Any CPU
		Release|Any CPU = Release|Any CPU
	EndGlobalSection
	GlobalSection(ProjectConfigurationPlatforms) = postSolution
		{ECCD5CF5-D44D-46C4-9D54-4848C9F695D8}.Debug|Any CPU.ActiveCfg = Debug|Any CPU
		{ECCD5CF5-D44D-46C4-9D54-4848C9F695D8}.Debug|Any CPU.Build.0 = Debug|Any CPU
		{ECCD5CF5-D44D-46C4-9D54-4848C9F695D8}.Release|Any CPU.ActiveCfg = Release|Any CPU
		{ECCD5CF5-D44D-46C4-9D54-4848C9F695D8}.Release|Any CPU.Build.0 = Release|Any CPU
	EndGlobalSection
	GlobalSection(SolutionProperties) = preSolution
		HideSolutionNode = FALSE
	EndGlobalSection
	GlobalSection(ExtensibilityGlobals) = postSolution
		SolutionGuid = {2B599B7D-228F-46BC-BE22-A2FFC037D354}
	EndGlobalSection
EndGlobal
