
Microsoft Visual Studio Solution File, Format Version 12.00
# Visual Studio Version 16
VisualStudioVersion = 16.0.29728.190
MinimumVisualStudioVersion = 10.0.40219.1
Project("{FAE04EC0-301F-11D3-BF4B-00C04F79EFBC}") = "XUnitTestProject1", "XUnitTestProject1\XUnitTestProject1.csproj", "{63D835B6-A3C2-4CB9-B875-33E97CF7298E}"
EndProject
Project("{FAE04EC0-301F-11D3-BF4B-00C04F79EFBC}") = "xunitEntityFrameworkTest", "xunitEntityFrameworkTest\xunitEntityFrameworkTest.csproj", "{AF93CCB3-A9D4-4433-9BA3-BAB9B7023002}"
EndProject
Global
	GlobalSection(SolutionConfigurationPlatforms) = preSolution
		Debug|Any CPU = Debug|Any CPU
		Release|Any CPU = Release|Any CPU
	EndGlobalSection
	GlobalSection(ProjectConfigurationPlatforms) = postSolution
		{63D835B6-A3C2-4CB9-B875-33E97CF7298E}.Debug|Any CPU.ActiveCfg = Debug|Any CPU
		{63D835B6-A3C2-4CB9-B875-33E97CF7298E}.Debug|Any CPU.Build.0 = Debug|Any CPU
		{63D835B6-A3C2-4CB9-B875-33E97CF7298E}.Release|Any CPU.ActiveCfg = Release|Any CPU
		{63D835B6-A3C2-4CB9-B875-33E97CF7298E}.Release|Any CPU.Build.0 = Release|Any CPU
		{AF93CCB3-A9D4-4433-9BA3-BAB9B7023002}.Debug|Any CPU.ActiveCfg = Debug|Any CPU
		{AF93CCB3-A9D4-4433-9BA3-BAB9B7023002}.Debug|Any CPU.Build.0 = Debug|Any CPU
		{AF93CCB3-A9D4-4433-9BA3-BAB9B7023002}.Release|Any CPU.ActiveCfg = Release|Any CPU
		{AF93CCB3-A9D4-4433-9BA3-BAB9B7023002}.Release|Any CPU.Build.0 = Release|Any CPU
	EndGlobalSection
	GlobalSection(SolutionProperties) = preSolution
		HideSolutionNode = FALSE
	EndGlobalSection
	GlobalSection(ExtensibilityGlobals) = postSolution
		SolutionGuid = {60039156-248E-464E-90F6-C8B85EB6CA26}
	EndGlobalSection
EndGlobal
